
Microsoft Visual Studio Solution File, Format Version 12.00
# Visual Studio Version 17
VisualStudioVersion = 17.8.34316.72
MinimumVisualStudioVersion = 10.0.40219.1
Project("{FAE04EC0-301F-11D3-BF4B-00C04F79EFBC}") = "DemoApp2", "DemoApp2.csproj", "{EFD503BC-ABB9-4401-BF63-CE3DA6F179FF}"
EndProject
Global
	GlobalSection(SolutionConfigurationPlatforms) = preSolution
		Debug|Any CPU = Debug|Any CPU
		Release|Any CPU = Release|Any CPU
	EndGlobalSection
	GlobalSection(ProjectConfigurationPlatforms) = postSolution
		{EFD503BC-ABB9-4401-BF63-CE3DA6F179FF}.Debug|Any CPU.ActiveCfg = Debug|Any CPU
		{EFD503BC-ABB9-4401-BF63-CE3DA6F179FF}.Debug|Any CPU.Build.0 = Debug|Any CPU
		{EFD503BC-ABB9-4401-BF63-CE3DA6F179FF}.Release|Any CPU.ActiveCfg = Release|Any CPU
		{EFD503BC-ABB9-4401-BF63-CE3DA6F179FF}.Release|Any CPU.Build.0 = Release|Any CPU
	EndGlobalSection
	GlobalSection(SolutionProperties) = preSolution
		HideSolutionNode = FALSE
	EndGlobalSection
	GlobalSection(ExtensibilityGlobals) = postSolution
		SolutionGuid = {AA63CBE5-3A11-47BB-840F-E5D5CD17D9E9}
	EndGlobalSection
EndGlobal
