
Microsoft Visual Studio Solution File, Format Version 12.00
# Visual Studio Version 17
VisualStudioVersion = 17.8.34316.72
MinimumVisualStudioVersion = 10.0.40219.1
Project("{FAE04EC0-301F-11D3-BF4B-00C04F79EFBC}") = "MasterPageDemo", "MasterPageDemo.csproj", "{AAE9213A-3A0E-4B97-A578-1F0494E31108}"
EndProject
Global
	GlobalSection(SolutionConfigurationPlatforms) = preSolution
		Debug|Any CPU = Debug|Any CPU
		Release|Any CPU = Release|Any CPU
	EndGlobalSection
	GlobalSection(ProjectConfigurationPlatforms) = postSolution
		{AAE9213A-3A0E-4B97-A578-1F0494E31108}.Debug|Any CPU.ActiveCfg = Debug|Any CPU
		{AAE9213A-3A0E-4B97-A578-1F0494E31108}.Debug|Any CPU.Build.0 = Debug|Any CPU
		{AAE9213A-3A0E-4B97-A578-1F0494E31108}.Release|Any CPU.ActiveCfg = Release|Any CPU
		{AAE9213A-3A0E-4B97-A578-1F0494E31108}.Release|Any CPU.Build.0 = Release|Any CPU
	EndGlobalSection
	GlobalSection(SolutionProperties) = preSolution
		HideSolutionNode = FALSE
	EndGlobalSection
	GlobalSection(ExtensibilityGlobals) = postSolution
		SolutionGuid = {763E6CF0-8F7C-4F24-A58A-959325453DF1}
	EndGlobalSection
EndGlobal
